// !$*UTF8*$!
{
	archiveVersion = 1;
	classes = {
	};
	objectVersion = 55;
	objects = {

/* Begin PBXBuildFile section */
		4417FE7A27A0C5E200EFF1E0 /* AppDelegate.swift in Sources */ = {isa = PBXBuildFile; fileRef = 4417FE7927A0C5E200EFF1E0 /* AppDelegate.swift */; };
		4417FE7C27A0C5E200EFF1E0 /* SceneDelegate.swift in Sources */ = {isa = PBXBuildFile; fileRef = 4417FE7B27A0C5E200EFF1E0 /* SceneDelegate.swift */; };
		4417FE7E27A0C5E200EFF1E0 /* ViewController.swift in Sources */ = {isa = PBXBuildFile; fileRef = 4417FE7D27A0C5E200EFF1E0 /* ViewController.swift */; };
		4417FE8127A0C5E200EFF1E0 /* Main.storyboard in Resources */ = {isa = PBXBuildFile; fileRef = 4417FE7F27A0C5E200EFF1E0 /* Main.storyboard */; };
		4417FE8327A0C5E400EFF1E0 /* Assets.xcassets in Resources */ = {isa = PBXBuildFile; fileRef = 4417FE8227A0C5E400EFF1E0 /* Assets.xcassets */; };
		4417FE8627A0C5E400EFF1E0 /* LaunchScreen.storyboard in Resources */ = {isa = PBXBuildFile; fileRef = 4417FE8427A0C5E400EFF1E0 /* LaunchScreen.storyboard */; };
		A6ABCB439B1C4E8861B2388A /* Pods_XCRemoteCache_Demo_1.framework in Frameworks */ = {isa = PBXBuildFile; fileRef = 3A0B1E4BB3927F13564A2D05 /* Pods_XCRemoteCache_Demo_1.framework */; };
/* End PBXBuildFile section */

/* Begin PBXFileReference section */
		0628A9C1233AEE82F3A3C8B4 /* Pods-XCRemoteCache-Demo_1.release.xcconfig */ = {isa = PBXFileReference; includeInIndex = 1; lastKnownFileType = text.xcconfig; name = "Pods-XCRemoteCache-Demo_1.release.xcconfig"; path = "Target Support Files/Pods-XCRemoteCache-Demo_1/Pods-XCRemoteCache-Demo_1.release.xcconfig"; sourceTree = "<group>"; };
		3A0B1E4BB3927F13564A2D05 /* Pods_XCRemoteCache_Demo_1.framework */ = {isa = PBXFileReference; explicitFileType = wrapper.framework; includeInIndex = 0; path = Pods_XCRemoteCache_Demo_1.framework; sourceTree = BUILT_PRODUCTS_DIR; };
		4417FE7627A0C5E200EFF1E0 /* XCRemoteCache-Demo_1.app */ = {isa = PBXFileReference; explicitFileType = wrapper.application; includeInIndex = 0; path = "XCRemoteCache-Demo_1.app"; sourceTree = BUILT_PRODUCTS_DIR; };
		4417FE7927A0C5E200EFF1E0 /* AppDelegate.swift */ = {isa = PBXFileReference; lastKnownFileType = sourcecode.swift; path = AppDelegate.swift; sourceTree = "<group>"; };
		4417FE7B27A0C5E200EFF1E0 /* SceneDelegate.swift */ = {isa = PBXFileReference; lastKnownFileType = sourcecode.swift; path = SceneDelegate.swift; sourceTree = "<group>"; };
		4417FE7D27A0C5E200EFF1E0 /* ViewController.swift */ = {isa = PBXFileReference; lastKnownFileType = sourcecode.swift; path = ViewController.swift; sourceTree = "<group>"; };
		4417FE8027A0C5E200EFF1E0 /* Base */ = {isa = PBXFileReference; lastKnownFileType = file.storyboard; name = Base; path = Base.lproj/Main.storyboard; sourceTree = "<group>"; };
		4417FE8227A0C5E400EFF1E0 /* Assets.xcassets */ = {isa = PBXFileReference; lastKnownFileType = folder.assetcatalog; path = Assets.xcassets; sourceTree = "<group>"; };
		4417FE8527A0C5E400EFF1E0 /* Base */ = {isa = PBXFileReference; lastKnownFileType = file.storyboard; name = Base; path = Base.lproj/LaunchScreen.storyboard; sourceTree = "<group>"; };
		4417FE8727A0C5E400EFF1E0 /* Info.plist */ = {isa = PBXFileReference; lastKnownFileType = text.plist.xml; path = Info.plist; sourceTree = "<group>"; };
		AD9B4356BA8DCA6FACD7A403 /* Pods-XCRemoteCache-Demo_1.debug.xcconfig */ = {isa = PBXFileReference; includeInIndex = 1; lastKnownFileType = text.xcconfig; name = "Pods-XCRemoteCache-Demo_1.debug.xcconfig"; path = "Target Support Files/Pods-XCRemoteCache-Demo_1/Pods-XCRemoteCache-Demo_1.debug.xcconfig"; sourceTree = "<group>"; };
/* End PBXFileReference section */

/* Begin PBXFrameworksBuildPhase section */
		4417FE7327A0C5E200EFF1E0 /* Frameworks */ = {
			isa = PBXFrameworksBuildPhase;
			buildActionMask = 2147483647;
			files = (
				A6ABCB439B1C4E8861B2388A /* Pods_XCRemoteCache_Demo_1.framework in Frameworks */,
			);
			runOnlyForDeploymentPostprocessing = 0;
		};
/* End PBXFrameworksBuildPhase section */

/* Begin PBXGroup section */
		3A191C5F91BB512F50521B93 /* Frameworks */ = {
			isa = PBXGroup;
			children = (
				3A0B1E4BB3927F13564A2D05 /* Pods_XCRemoteCache_Demo_1.framework */,
			);
			name = Frameworks;
			sourceTree = "<group>";
		};
		4417FE6D27A0C5E200EFF1E0 = {
			isa = PBXGroup;
			children = (
				4417FE7827A0C5E200EFF1E0 /* XCRemoteCache-Demo_1 */,
				4417FE7727A0C5E200EFF1E0 /* Products */,
				58E904AFC1FE8CAD5D650362 /* Pods */,
				3A191C5F91BB512F50521B93 /* Frameworks */,
			);
			sourceTree = "<group>";
		};
		4417FE7727A0C5E200EFF1E0 /* Products */ = {
			isa = PBXGroup;
			children = (
				4417FE7627A0C5E200EFF1E0 /* XCRemoteCache-Demo_1.app */,
			);
			name = Products;
			sourceTree = "<group>";
		};
		4417FE7827A0C5E200EFF1E0 /* XCRemoteCache-Demo_1 */ = {
			isa = PBXGroup;
			children = (
				4417FE7927A0C5E200EFF1E0 /* AppDelegate.swift */,
				4417FE7B27A0C5E200EFF1E0 /* SceneDelegate.swift */,
				4417FE7D27A0C5E200EFF1E0 /* ViewController.swift */,
				4417FE7F27A0C5E200EFF1E0 /* Main.storyboard */,
				4417FE8227A0C5E400EFF1E0 /* Assets.xcassets */,
				4417FE8427A0C5E400EFF1E0 /* LaunchScreen.storyboard */,
				4417FE8727A0C5E400EFF1E0 /* Info.plist */,
			);
			path = "XCRemoteCache-Demo_1";
			sourceTree = "<group>";
		};
		58E904AFC1FE8CAD5D650362 /* Pods */ = {
			isa = PBXGroup;
			children = (
				AD9B4356BA8DCA6FACD7A403 /* Pods-XCRemoteCache-Demo_1.debug.xcconfig */,
				0628A9C1233AEE82F3A3C8B4 /* Pods-XCRemoteCache-Demo_1.release.xcconfig */,
			);
			path = Pods;
			sourceTree = "<group>";
		};
/* End PBXGroup section */

/* Begin PBXNativeTarget section */
		4417FE7527A0C5E200EFF1E0 /* XCRemoteCache-Demo_1 */ = {
			isa = PBXNativeTarget;
			buildConfigurationList = 4417FE8A27A0C5E400EFF1E0 /* Build configuration list for PBXNativeTarget "XCRemoteCache-Demo_1" */;
			buildPhases = (
				95B55D6B14FFF447B64B8526 /* [CP] Check Pods Manifest.lock */,
				12168B80DCA29461CCDF3050 /* [RC] RemoteCache_prebuild */,
				4417FE7227A0C5E200EFF1E0 /* Sources */,
				4417FE7327A0C5E200EFF1E0 /* Frameworks */,
				4417FE7427A0C5E200EFF1E0 /* Resources */,
				9C853BDE1DCEDA6DAF4DF694 /* [CP] Embed Pods Frameworks */,
				1CA0BD6970C93916D9D296A7 /* [CP] Copy Pods Resources */,
				44B6CD25B65F0D4A8856F8D9 /* [RC] RemoteCache_postbuild */,
				5C9C34A078DBE8BA8BCEE7A8 /* [RC] RemoteCache_mark */,
			);
			buildRules = (
			);
			dependencies = (
			);
			name = "XCRemoteCache-Demo_1";
			productName = "XCRemoteCache-Demo_1";
			productReference = 4417FE7627A0C5E200EFF1E0 /* XCRemoteCache-Demo_1.app */;
			productType = "com.apple.product-type.application";
		};
/* End PBXNativeTarget section */

/* Begin PBXProject section */
		4417FE6E27A0C5E200EFF1E0 /* Project object */ = {
			isa = PBXProject;
			attributes = {
				BuildIndependentTargetsInParallel = 1;
				LastSwiftUpdateCheck = 1320;
				LastUpgradeCheck = 1320;
				TargetAttributes = {
					4417FE7527A0C5E200EFF1E0 = {
						CreatedOnToolsVersion = 13.2.1;
					};
				};
			};
			buildConfigurationList = 4417FE7127A0C5E200EFF1E0 /* Build configuration list for PBXProject "XCRemoteCache-Demo_1" */;
			compatibilityVersion = "Xcode 13.0";
			developmentRegion = en;
			hasScannedForEncodings = 0;
			knownRegions = (
				en,
				Base,
			);
			mainGroup = 4417FE6D27A0C5E200EFF1E0;
			productRefGroup = 4417FE7727A0C5E200EFF1E0 /* Products */;
			projectDirPath = "";
			projectRoot = "";
			targets = (
				4417FE7527A0C5E200EFF1E0 /* XCRemoteCache-Demo_1 */,
			);
		};
/* End PBXProject section */

/* Begin PBXResourcesBuildPhase section */
		4417FE7427A0C5E200EFF1E0 /* Resources */ = {
			isa = PBXResourcesBuildPhase;
			buildActionMask = 2147483647;
			files = (
				4417FE8627A0C5E400EFF1E0 /* LaunchScreen.storyboard in Resources */,
				4417FE8327A0C5E400EFF1E0 /* Assets.xcassets in Resources */,
				4417FE8127A0C5E200EFF1E0 /* Main.storyboard in Resources */,
			);
			runOnlyForDeploymentPostprocessing = 0;
		};
/* End PBXResourcesBuildPhase section */

/* Begin PBXShellScriptBuildPhase section */
		12168B80DCA29461CCDF3050 /* [RC] RemoteCache_prebuild */ = {
			isa = PBXShellScriptBuildPhase;
			buildActionMask = 2147483647;
			dependencyFile = "$(TARGET_TEMP_DIR)/prebuild.d";
			files = (
			);
			inputPaths = (
				"/Users/osmanyildirim/XCRemoteCache-Demo_1/XCRC/xcprebuild",
			);
			name = "[RC] RemoteCache_prebuild";
			outputPaths = (
				"$(TARGET_TEMP_DIR)/rc.enabled",
			);
			runOnlyForDeploymentPostprocessing = 0;
			shellPath = /bin/sh;
			shellScript = "\"$SCRIPT_INPUT_FILE_0\"";
		};
		1CA0BD6970C93916D9D296A7 /* [CP] Copy Pods Resources */ = {
			isa = PBXShellScriptBuildPhase;
			buildActionMask = 2147483647;
			files = (
			);
			inputFileListPaths = (
				"${PODS_ROOT}/Target Support Files/Pods-XCRemoteCache-Demo_1/Pods-XCRemoteCache-Demo_1-resources-${CONFIGURATION}-input-files.xcfilelist",
			);
			name = "[CP] Copy Pods Resources";
			outputFileListPaths = (
				"${PODS_ROOT}/Target Support Files/Pods-XCRemoteCache-Demo_1/Pods-XCRemoteCache-Demo_1-resources-${CONFIGURATION}-output-files.xcfilelist",
			);
			runOnlyForDeploymentPostprocessing = 0;
			shellPath = /bin/sh;
			shellScript = "\"${PODS_ROOT}/Target Support Files/Pods-XCRemoteCache-Demo_1/Pods-XCRemoteCache-Demo_1-resources.sh\"\n";
			showEnvVarsInLog = 0;
		};
		44B6CD25B65F0D4A8856F8D9 /* [RC] RemoteCache_postbuild */ = {
			isa = PBXShellScriptBuildPhase;
			buildActionMask = 2147483647;
			dependencyFile = "$(TARGET_TEMP_DIR)/postbuild.d";
			files = (
			);
			inputPaths = (
				"/Users/osmanyildirim/XCRemoteCache-Demo_1/XCRC/xcpostbuild",
			);
			name = "[RC] RemoteCache_postbuild";
			outputPaths = (
				"$(TARGET_BUILD_DIR)/$(MODULES_FOLDER_PATH)/$(PRODUCT_MODULE_NAME).swiftmodule/$(XCRC_PLATFORM_PREFERRED_ARCH).swiftmodule.md5",
				"$(TARGET_BUILD_DIR)/$(MODULES_FOLDER_PATH)/$(PRODUCT_MODULE_NAME).swiftmodule/$(XCRC_PLATFORM_PREFERRED_ARCH)-$(LLVM_TARGET_TRIPLE_VENDOR)-$(SWIFT_PLATFORM_TARGET_PREFIX)$(LLVM_TARGET_TRIPLE_SUFFIX).swiftmodule.md5",
			);
			runOnlyForDeploymentPostprocessing = 0;
			shellPath = /bin/sh;
			shellScript = "\"$SCRIPT_INPUT_FILE_0\"";
		};
		5C9C34A078DBE8BA8BCEE7A8 /* [RC] RemoteCache_mark */ = {
			isa = PBXShellScriptBuildPhase;
			buildActionMask = 2147483647;
			files = (
			);
			inputPaths = (
				"/Users/osmanyildirim/XCRemoteCache-Demo_1/XCRC/xcprepare",
			);
			name = "[RC] RemoteCache_mark";
			outputPaths = (
			);
			runOnlyForDeploymentPostprocessing = 0;
			shellPath = /bin/sh;
			shellScript = "\"$SCRIPT_INPUT_FILE_0\" mark --configuration \"$CONFIGURATION\" --platform \"$PLATFORM_NAME\"";
		};
		95B55D6B14FFF447B64B8526 /* [CP] Check Pods Manifest.lock */ = {
			isa = PBXShellScriptBuildPhase;
			buildActionMask = 2147483647;
			files = (
			);
			inputFileListPaths = (
			);
			inputPaths = (
				"${PODS_PODFILE_DIR_PATH}/Podfile.lock",
				"${PODS_ROOT}/Manifest.lock",
			);
			name = "[CP] Check Pods Manifest.lock";
			outputFileListPaths = (
			);
			outputPaths = (
				"$(DERIVED_FILE_DIR)/Pods-XCRemoteCache-Demo_1-checkManifestLockResult.txt",
			);
			runOnlyForDeploymentPostprocessing = 0;
			shellPath = /bin/sh;
			shellScript = "diff \"${PODS_PODFILE_DIR_PATH}/Podfile.lock\" \"${PODS_ROOT}/Manifest.lock\" > /dev/null\nif [ $? != 0 ] ; then\n    # print error to STDERR\n    echo \"error: The sandbox is not in sync with the Podfile.lock. Run 'pod install' or update your CocoaPods installation.\" >&2\n    exit 1\nfi\n# This output is used by Xcode 'outputs' to avoid re-running this script phase.\necho \"SUCCESS\" > \"${SCRIPT_OUTPUT_FILE_0}\"\n";
			showEnvVarsInLog = 0;
		};
		9C853BDE1DCEDA6DAF4DF694 /* [CP] Embed Pods Frameworks */ = {
			isa = PBXShellScriptBuildPhase;
			buildActionMask = 2147483647;
			files = (
			);
			inputFileListPaths = (
				"${PODS_ROOT}/Target Support Files/Pods-XCRemoteCache-Demo_1/Pods-XCRemoteCache-Demo_1-frameworks-${CONFIGURATION}-input-files.xcfilelist",
			);
			name = "[CP] Embed Pods Frameworks";
			outputFileListPaths = (
				"${PODS_ROOT}/Target Support Files/Pods-XCRemoteCache-Demo_1/Pods-XCRemoteCache-Demo_1-frameworks-${CONFIGURATION}-output-files.xcfilelist",
			);
			runOnlyForDeploymentPostprocessing = 0;
			shellPath = /bin/sh;
			shellScript = "\"${PODS_ROOT}/Target Support Files/Pods-XCRemoteCache-Demo_1/Pods-XCRemoteCache-Demo_1-frameworks.sh\"\n";
			showEnvVarsInLog = 0;
		};
/* End PBXShellScriptBuildPhase section */

/* Begin PBXSourcesBuildPhase section */
		4417FE7227A0C5E200EFF1E0 /* Sources */ = {
			isa = PBXSourcesBuildPhase;
			buildActionMask = 2147483647;
			files = (
				4417FE7E27A0C5E200EFF1E0 /* ViewController.swift in Sources */,
				4417FE7A27A0C5E200EFF1E0 /* AppDelegate.swift in Sources */,
				4417FE7C27A0C5E200EFF1E0 /* SceneDelegate.swift in Sources */,
			);
			runOnlyForDeploymentPostprocessing = 0;
		};
/* End PBXSourcesBuildPhase section */

/* Begin PBXVariantGroup section */
		4417FE7F27A0C5E200EFF1E0 /* Main.storyboard */ = {
			isa = PBXVariantGroup;
			children = (
				4417FE8027A0C5E200EFF1E0 /* Base */,
			);
			name = Main.storyboard;
			sourceTree = "<group>";
		};
		4417FE8427A0C5E400EFF1E0 /* LaunchScreen.storyboard */ = {
			isa = PBXVariantGroup;
			children = (
				4417FE8527A0C5E400EFF1E0 /* Base */,
			);
			name = LaunchScreen.storyboard;
			sourceTree = "<group>";
		};
/* End PBXVariantGroup section */

/* Begin XCBuildConfiguration section */
		4417FE8827A0C5E400EFF1E0 /* Debug */ = {
			isa = XCBuildConfiguration;
			buildSettings = {
				ALWAYS_SEARCH_USER_PATHS = NO;
				CLANG_ANALYZER_NONNULL = YES;
				CLANG_ANALYZER_NUMBER_OBJECT_CONVERSION = YES_AGGRESSIVE;
				CLANG_CXX_LANGUAGE_STANDARD = "gnu++17";
				CLANG_CXX_LIBRARY = "libc++";
				CLANG_ENABLE_MODULES = YES;
				CLANG_ENABLE_OBJC_ARC = YES;
				CLANG_ENABLE_OBJC_WEAK = YES;
				CLANG_WARN_BLOCK_CAPTURE_AUTORELEASING = YES;
				CLANG_WARN_BOOL_CONVERSION = YES;
				CLANG_WARN_COMMA = YES;
				CLANG_WARN_CONSTANT_CONVERSION = YES;
				CLANG_WARN_DEPRECATED_OBJC_IMPLEMENTATIONS = YES;
				CLANG_WARN_DIRECT_OBJC_ISA_USAGE = YES_ERROR;
				CLANG_WARN_DOCUMENTATION_COMMENTS = YES;
				CLANG_WARN_EMPTY_BODY = YES;
				CLANG_WARN_ENUM_CONVERSION = YES;
				CLANG_WARN_INFINITE_RECURSION = YES;
				CLANG_WARN_INT_CONVERSION = YES;
				CLANG_WARN_NON_LITERAL_NULL_CONVERSION = YES;
				CLANG_WARN_OBJC_IMPLICIT_RETAIN_SELF = YES;
				CLANG_WARN_OBJC_LITERAL_CONVERSION = YES;
				CLANG_WARN_OBJC_ROOT_CLASS = YES_ERROR;
				CLANG_WARN_QUOTED_INCLUDE_IN_FRAMEWORK_HEADER = YES;
				CLANG_WARN_RANGE_LOOP_ANALYSIS = YES;
				CLANG_WARN_STRICT_PROTOTYPES = YES;
				CLANG_WARN_SUSPICIOUS_MOVE = YES;
				CLANG_WARN_UNGUARDED_AVAILABILITY = YES_AGGRESSIVE;
				CLANG_WARN_UNREACHABLE_CODE = YES;
				CLANG_WARN__DUPLICATE_METHOD_MATCH = YES;
				COPY_PHASE_STRIP = NO;
				DEBUG_INFORMATION_FORMAT = dwarf;
				ENABLE_STRICT_OBJC_MSGSEND = YES;
				ENABLE_TESTABILITY = YES;
				GCC_C_LANGUAGE_STANDARD = gnu11;
				GCC_DYNAMIC_NO_PIC = NO;
				GCC_NO_COMMON_BLOCKS = YES;
				GCC_OPTIMIZATION_LEVEL = 0;
				GCC_PREPROCESSOR_DEFINITIONS = (
					"DEBUG=1",
					"$(inherited)",
				);
				GCC_WARN_64_TO_32_BIT_CONVERSION = YES;
				GCC_WARN_ABOUT_RETURN_TYPE = YES_ERROR;
				GCC_WARN_UNDECLARED_SELECTOR = YES;
				GCC_WARN_UNINITIALIZED_AUTOS = YES_AGGRESSIVE;
				GCC_WARN_UNUSED_FUNCTION = YES;
				GCC_WARN_UNUSED_VARIABLE = YES;
				IPHONEOS_DEPLOYMENT_TARGET = 15.2;
				MTL_ENABLE_DEBUG_INFO = INCLUDE_SOURCE;
				MTL_FAST_MATH = YES;
				ONLY_ACTIVE_ARCH = YES;
				SDKROOT = iphoneos;
				SWIFT_ACTIVE_COMPILATION_CONDITIONS = DEBUG;
				SWIFT_OPTIMIZATION_LEVEL = "-Onone";
			};
			name = Debug;
		};
		4417FE8927A0C5E400EFF1E0 /* Release */ = {
			isa = XCBuildConfiguration;
			buildSettings = {
				ALWAYS_SEARCH_USER_PATHS = NO;
				CLANG_ANALYZER_NONNULL = YES;
				CLANG_ANALYZER_NUMBER_OBJECT_CONVERSION = YES_AGGRESSIVE;
				CLANG_CXX_LANGUAGE_STANDARD = "gnu++17";
				CLANG_CXX_LIBRARY = "libc++";
				CLANG_ENABLE_MODULES = YES;
				CLANG_ENABLE_OBJC_ARC = YES;
				CLANG_ENABLE_OBJC_WEAK = YES;
				CLANG_WARN_BLOCK_CAPTURE_AUTORELEASING = YES;
				CLANG_WARN_BOOL_CONVERSION = YES;
				CLANG_WARN_COMMA = YES;
				CLANG_WARN_CONSTANT_CONVERSION = YES;
				CLANG_WARN_DEPRECATED_OBJC_IMPLEMENTATIONS = YES;
				CLANG_WARN_DIRECT_OBJC_ISA_USAGE = YES_ERROR;
				CLANG_WARN_DOCUMENTATION_COMMENTS = YES;
				CLANG_WARN_EMPTY_BODY = YES;
				CLANG_WARN_ENUM_CONVERSION = YES;
				CLANG_WARN_INFINITE_RECURSION = YES;
				CLANG_WARN_INT_CONVERSION = YES;
				CLANG_WARN_NON_LITERAL_NULL_CONVERSION = YES;
				CLANG_WARN_OBJC_IMPLICIT_RETAIN_SELF = YES;
				CLANG_WARN_OBJC_LITERAL_CONVERSION = YES;
				CLANG_WARN_OBJC_ROOT_CLASS = YES_ERROR;
				CLANG_WARN_QUOTED_INCLUDE_IN_FRAMEWORK_HEADER = YES;
				CLANG_WARN_RANGE_LOOP_ANALYSIS = YES;
				CLANG_WARN_STRICT_PROTOTYPES = YES;
				CLANG_WARN_SUSPICIOUS_MOVE = YES;
				CLANG_WARN_UNGUARDED_AVAILABILITY = YES_AGGRESSIVE;
				CLANG_WARN_UNREACHABLE_CODE = YES;
				CLANG_WARN__DUPLICATE_METHOD_MATCH = YES;
				COPY_PHASE_STRIP = NO;
				DEBUG_INFORMATION_FORMAT = "dwarf-with-dsym";
				ENABLE_NS_ASSERTIONS = NO;
				ENABLE_STRICT_OBJC_MSGSEND = YES;
				GCC_C_LANGUAGE_STANDARD = gnu11;
				GCC_NO_COMMON_BLOCKS = YES;
				GCC_WARN_64_TO_32_BIT_CONVERSION = YES;
				GCC_WARN_ABOUT_RETURN_TYPE = YES_ERROR;
				GCC_WARN_UNDECLARED_SELECTOR = YES;
				GCC_WARN_UNINITIALIZED_AUTOS = YES_AGGRESSIVE;
				GCC_WARN_UNUSED_FUNCTION = YES;
				GCC_WARN_UNUSED_VARIABLE = YES;
				IPHONEOS_DEPLOYMENT_TARGET = 15.2;
				MTL_ENABLE_DEBUG_INFO = NO;
				MTL_FAST_MATH = YES;
				SDKROOT = iphoneos;
				SWIFT_COMPILATION_MODE = wholemodule;
				SWIFT_OPTIMIZATION_LEVEL = "-O";
				VALIDATE_PRODUCT = YES;
			};
			name = Release;
		};
		4417FE8B27A0C5E400EFF1E0 /* Debug */ = {
			isa = XCBuildConfiguration;
			baseConfigurationReference = AD9B4356BA8DCA6FACD7A403 /* Pods-XCRemoteCache-Demo_1.debug.xcconfig */;
			buildSettings = {
				ASSETCATALOG_COMPILER_APPICON_NAME = AppIcon;
				ASSETCATALOG_COMPILER_GLOBAL_ACCENT_COLOR_NAME = AccentColor;
				CODE_SIGN_STYLE = Automatic;
				CURRENT_PROJECT_VERSION = 1;
				DEVELOPMENT_TEAM = MX27P494CR;
				GENERATE_INFOPLIST_FILE = YES;
				INFOPLIST_FILE = "XCRemoteCache-Demo_1/Info.plist";
				INFOPLIST_KEY_UIApplicationSupportsIndirectInputEvents = YES;
				INFOPLIST_KEY_UILaunchStoryboardName = LaunchScreen;
				INFOPLIST_KEY_UIMainStoryboardFile = Main;
				INFOPLIST_KEY_UISupportedInterfaceOrientations_iPad = "UIInterfaceOrientationPortrait UIInterfaceOrientationPortraitUpsideDown UIInterfaceOrientationLandscapeLeft UIInterfaceOrientationLandscapeRight";
				INFOPLIST_KEY_UISupportedInterfaceOrientations_iPhone = "UIInterfaceOrientationPortrait UIInterfaceOrientationLandscapeLeft UIInterfaceOrientationLandscapeRight";
				LD_RUNPATH_SEARCH_PATHS = (
					"$(inherited)",
					"@executable_path/Frameworks",
				);
				MARKETING_VERSION = 1.0;
				OTHER_CFLAGS = (
					"$(inherited)",
					"-fdebug-prefix-map=/Users/osmanyildirim/XCRemoteCache-Demo_1=$(XCRC_FAKE_SRCROOT)",
				);
				OTHER_SWIFT_FLAGS = "$(inherited)";
				PRODUCT_BUNDLE_IDENTIFIER = "com.osmanyildirim.XCRemoteCache-Demo-1";
				PRODUCT_NAME = "$(TARGET_NAME)";
				SWIFT_EMIT_LOC_STRINGS = YES;
				SWIFT_VERSION = 5.0;
				TARGETED_DEVICE_FAMILY = "1,2";
				XCRC_FAKE_SRCROOT = /xxxxxxxxxx;
				XCRC_PLATFORM_PREFERRED_ARCH = "$(LINK_FILE_LIST_$(CURRENT_VARIANT)_$(PLATFORM_PREFERRED_ARCH):dir:standardizepath:file:default=arm64)";
			};
			name = Debug;
		};
		4417FE8C27A0C5E400EFF1E0 /* Release */ = {
			isa = XCBuildConfiguration;
			baseConfigurationReference = 0628A9C1233AEE82F3A3C8B4 /* Pods-XCRemoteCache-Demo_1.release.xcconfig */;
			buildSettings = {
				ASSETCATALOG_COMPILER_APPICON_NAME = AppIcon;
				ASSETCATALOG_COMPILER_GLOBAL_ACCENT_COLOR_NAME = AccentColor;
				CODE_SIGN_STYLE = Automatic;
				CURRENT_PROJECT_VERSION = 1;
				DEVELOPMENT_TEAM = MX27P494CR;
				GENERATE_INFOPLIST_FILE = YES;
				INFOPLIST_FILE = "XCRemoteCache-Demo_1/Info.plist";
				INFOPLIST_KEY_UIApplicationSupportsIndirectInputEvents = YES;
				INFOPLIST_KEY_UILaunchStoryboardName = LaunchScreen;
				INFOPLIST_KEY_UIMainStoryboardFile = Main;
				INFOPLIST_KEY_UISupportedInterfaceOrientations_iPad = "UIInterfaceOrientationPortrait UIInterfaceOrientationPortraitUpsideDown UIInterfaceOrientationLandscapeLeft UIInterfaceOrientationLandscapeRight";
				INFOPLIST_KEY_UISupportedInterfaceOrientations_iPhone = "UIInterfaceOrientationPortrait UIInterfaceOrientationLandscapeLeft UIInterfaceOrientationLandscapeRight";
				LD_RUNPATH_SEARCH_PATHS = (
					"$(inherited)",
					"@executable_path/Frameworks",
				);
				MARKETING_VERSION = 1.0;
				OTHER_CFLAGS = "$(inherited)";
				OTHER_SWIFT_FLAGS = "$(inherited)";
				PRODUCT_BUNDLE_IDENTIFIER = "com.osmanyildirim.XCRemoteCache-Demo-1";
				PRODUCT_NAME = "$(TARGET_NAME)";
				SWIFT_EMIT_LOC_STRINGS = YES;
				SWIFT_VERSION = 5.0;
				TARGETED_DEVICE_FAMILY = "1,2";
			};
			name = Release;
		};
/* End XCBuildConfiguration section */

/* Begin XCConfigurationList section */
		4417FE7127A0C5E200EFF1E0 /* Build configuration list for PBXProject "XCRemoteCache-Demo_1" */ = {
			isa = XCConfigurationList;
			buildConfigurations = (
				4417FE8827A0C5E400EFF1E0 /* Debug */,
				4417FE8927A0C5E400EFF1E0 /* Release */,
			);
			defaultConfigurationIsVisible = 0;
			defaultConfigurationName = Release;
		};
		4417FE8A27A0C5E400EFF1E0 /* Build configuration list for PBXNativeTarget "XCRemoteCache-Demo_1" */ = {
			isa = XCConfigurationList;
			buildConfigurations = (
				4417FE8B27A0C5E400EFF1E0 /* Debug */,
				4417FE8C27A0C5E400EFF1E0 /* Release */,
			);
			defaultConfigurationIsVisible = 0;
			defaultConfigurationName = Release;
		};
/* End XCConfigurationList section */
	};
	rootObject = 4417FE6E27A0C5E200EFF1E0 /* Project object */;
}
